<Solution>
  <Folder Name="/Solution Items/">
    <File Path=".github/workflows/ci.yml" />
    <File Path="CI_Pack_Push.ps1" />
    <File Path="README.md" />
  </Folder>
  <Folder Name="/src/">
    <Project Path="LogicBuilder.Workflow.Activities.Rules/LogicBuilder.Workflow.Activities.Rules.csproj" />
  </Folder>
  <Folder Name="/tests/">
    <Project Path="LogicBuilder.Workflow.Activities.Rules.UnitTests/LogicBuilder.Workflow.Activities.Rules.UnitTests.csproj" Id="26bfcd47-9d18-4d69-9eda-6fdac0ea5d0b" />
    <Project Path="SampleFlow/SampleFlow.csproj" />
  </Folder>
</Solution>
