<Solution>
  <Folder Name="/src/">
    <Project Path="LogicBuilder.Workflow.Activities.Rules/LogicBuilder.Workflow.Activities.Rules.csproj" />
  </Folder>
  <Folder Name="/tests/">
    <Project Path="LogicBuilder.Workflow.Activities.Rules.IntegrationTests/LogicBuilder.Workflow.Activities.Rules.IntegrationTests.csproj" />
    <Project Path="SampleFlow/SampleFlow.csproj" />
  </Folder>
</Solution>
